
Microsoft Visual Studio Solution File, Format Version 12.00
# Visual Studio Version 17
VisualStudioVersion = 17.3.32825.248
MinimumVisualStudioVersion = 10.0.40219.1
Project("{FAE04EC0-301F-11D3-BF4B-00C04F79EFBC}") = "Q1_1A2B遊戲", "Q1_1A2B遊戲\Q1_1A2B遊戲.csproj", "{CBEE58BB-D980-4194-87CA-C0680FB29D65}"
EndProject
Project("{FAE04EC0-301F-11D3-BF4B-00C04F79EFBC}") = "Q2四顆骰子遊戲", "Q2四顆骰子遊戲\Q2四顆骰子遊戲.csproj", "{7153B21F-8243-4983-8D67-28F7825BD9D1}"
EndProject
Global
	GlobalSection(SolutionConfigurationPlatforms) = preSolution
		Debug|Any CPU = Debug|Any CPU
		Release|Any CPU = Release|Any CPU
	EndGlobalSection
	GlobalSection(ProjectConfigurationPlatforms) = postSolution
		{CBEE58BB-D980-4194-87CA-C0680FB29D65}.Debug|Any CPU.ActiveCfg = Debug|Any CPU
		{CBEE58BB-D980-4194-87CA-C0680FB29D65}.Debug|Any CPU.Build.0 = Debug|Any CPU
		{CBEE58BB-D980-4194-87CA-C0680FB29D65}.Release|Any CPU.ActiveCfg = Release|Any CPU
		{CBEE58BB-D980-4194-87CA-C0680FB29D65}.Release|Any CPU.Build.0 = Release|Any CPU
		{7153B21F-8243-4983-8D67-28F7825BD9D1}.Debug|Any CPU.ActiveCfg = Debug|Any CPU
		{7153B21F-8243-4983-8D67-28F7825BD9D1}.Debug|Any CPU.Build.0 = Debug|Any CPU
		{7153B21F-8243-4983-8D67-28F7825BD9D1}.Release|Any CPU.ActiveCfg = Release|Any CPU
		{7153B21F-8243-4983-8D67-28F7825BD9D1}.Release|Any CPU.Build.0 = Release|Any CPU
	EndGlobalSection
	GlobalSection(SolutionProperties) = preSolution
		HideSolutionNode = FALSE
	EndGlobalSection
	GlobalSection(ExtensibilityGlobals) = postSolution
		SolutionGuid = {3B8C013B-28BB-4EA1-B0B8-1472F8EB0F7B}
	EndGlobalSection
EndGlobal
